// !$*UTF8*$!
{
	archiveVersion = 1;
	classes = {
	};
	objectVersion = 46;
	objects = {

/* Begin PBXBuildFile section */
		4DF8367A1E27942E00B1552D /* AppDelegate.m in Sources */ = {isa = PBXBuildFile; fileRef = 4DF836791E27942E00B1552D /* AppDelegate.m */; };
		4DF8367D1E27942F00B1552D /* main.m in Sources */ = {isa = PBXBuildFile; fileRef = 4DF8367C1E27942F00B1552D /* main.m */; };
		4DF836801E27942F00B1552D /* Document.m in Sources */ = {isa = PBXBuildFile; fileRef = 4DF8367F1E27942F00B1552D /* Document.m */; };
		4DF836831E27942F00B1552D /* Document.xib in Resources */ = {isa = PBXBuildFile; fileRef = 4DF836811E27942F00B1552D /* Document.xib */; };
		4DF836851E27942F00B1552D /* Assets.xcassets in Resources */ = {isa = PBXBuildFile; fileRef = 4DF836841E27942F00B1552D /* Assets.xcassets */; };
		4DF836881E27942F00B1552D /* MainMenu.xib in Resources */ = {isa = PBXBuildFile; fileRef = 4DF836861E27942F00B1552D /* MainMenu.xib */; };
		4DF836931E27942F00B1552D /* SampleViewerTests.m in Sources */ = {isa = PBXBuildFile; fileRef = 4DF836921E27942F00B1552D /* SampleViewerTests.m */; };
/* End PBXBuildFile section */

/* Begin PBXContainerItemProxy section */
		4DF8368F1E27942F00B1552D /* PBXContainerItemProxy */ = {
			isa = PBXContainerItemProxy;
			containerPortal = 4DF8366D1E27942E00B1552D /* Project object */;
			proxyType = 1;
			remoteGlobalIDString = 4DF836741E27942E00B1552D;
			remoteInfo = SampleViewer;
		};
/* End PBXContainerItemProxy section */

/* Begin PBXFileReference section */
		4DF836751E27942E00B1552D /* SampleViewer.app */ = {isa = PBXFileReference; explicitFileType = wrapper.application; includeInIndex = 0; path = SampleViewer.app; sourceTree = BUILT_PRODUCTS_DIR; };
		4DF836781E27942E00B1552D /* AppDelegate.h */ = {isa = PBXFileReference; lastKnownFileType = sourcecode.c.h; path = AppDelegate.h; sourceTree = "<group>"; };
		4DF836791E27942E00B1552D /* AppDelegate.m */ = {isa = PBXFileReference; lastKnownFileType = sourcecode.c.objc; path = AppDelegate.m; sourceTree = "<group>"; };
		4DF8367C1E27942F00B1552D /* main.m */ = {isa = PBXFileReference; lastKnownFileType = sourcecode.c.objc; path = main.m; sourceTree = "<group>"; };
		4DF8367E1E27942F00B1552D /* Document.h */ = {isa = PBXFileReference; lastKnownFileType = sourcecode.c.h; path = Document.h; sourceTree = "<group>"; };
		4DF8367F1E27942F00B1552D /* Document.m */ = {isa = PBXFileReference; lastKnownFileType = sourcecode.c.objc; path = Document.m; sourceTree = "<group>"; };
		4DF836821E27942F00B1552D /* Base */ = {isa = PBXFileReference; lastKnownFileType = file.xib; name = Base; path = Base.lproj/Document.xib; sourceTree = "<group>"; };
		4DF836841E27942F00B1552D /* Assets.xcassets */ = {isa = PBXFileReference; lastKnownFileType = folder.assetcatalog; path = Assets.xcassets; sourceTree = "<group>"; };
		4DF836871E27942F00B1552D /* Base */ = {isa = PBXFileReference; lastKnownFileType = file.xib; name = Base; path = Base.lproj/MainMenu.xib; sourceTree = "<group>"; };
		4DF836891E27942F00B1552D /* Info.plist */ = {isa = PBXFileReference; lastKnownFileType = text.plist.xml; path = Info.plist; sourceTree = "<group>"; };
		4DF8368E1E27942F00B1552D /* SampleViewerTests.xctest */ = {isa = PBXFileReference; explicitFileType = wrapper.cfbundle; includeInIndex = 0; path = SampleViewerTests.xctest; sourceTree = BUILT_PRODUCTS_DIR; };
		4DF836921E27942F00B1552D /* SampleViewerTests.m */ = {isa = PBXFileReference; lastKnownFileType = sourcecode.c.objc; path = SampleViewerTests.m; sourceTree = "<group>"; };
		4DF836941E27942F00B1552D /* Info.plist */ = {isa = PBXFileReference; lastKnownFileType = text.plist.xml; path = Info.plist; sourceTree = "<group>"; };
/* End PBXFileReference section */

/* Begin PBXFrameworksBuildPhase section */
		4DF836721E27942E00B1552D /* Frameworks */ = {
			isa = PBXFrameworksBuildPhase;
			buildActionMask = 2147483647;
			files = (
			);
			runOnlyForDeploymentPostprocessing = 0;
		};
		4DF8368B1E27942F00B1552D /* Frameworks */ = {
			isa = PBXFrameworksBuildPhase;
			buildActionMask = 2147483647;
			files = (
			);
			runOnlyForDeploymentPostprocessing = 0;
		};
/* End PBXFrameworksBuildPhase section */

/* Begin PBXGroup section */
		4DF8366C1E27942E00B1552D = {
			isa = PBXGroup;
			children = (
				4DF836771E27942E00B1552D /* SampleViewer */,
				4DF836911E27942F00B1552D /* SampleViewerTests */,
				4DF836761E27942E00B1552D /* Products */,
			);
			sourceTree = "<group>";
		};
		4DF836761E27942E00B1552D /* Products */ = {
			isa = PBXGroup;
			children = (
				4DF836751E27942E00B1552D /* SampleViewer.app */,
				4DF8368E1E27942F00B1552D /* SampleViewerTests.xctest */,
			);
			name = Products;
			sourceTree = "<group>";
		};
		4DF836771E27942E00B1552D /* SampleViewer */ = {
			isa = PBXGroup;
			children = (
				4DF836781E27942E00B1552D /* AppDelegate.h */,
				4DF836791E27942E00B1552D /* AppDelegate.m */,
				4DF8367E1E27942F00B1552D /* Document.h */,
				4DF8367F1E27942F00B1552D /* Document.m */,
				4DF836811E27942F00B1552D /* Document.xib */,
				4DF836841E27942F00B1552D /* Assets.xcassets */,
				4DF836861E27942F00B1552D /* MainMenu.xib */,
				4DF836891E27942F00B1552D /* Info.plist */,
				4DF8367B1E27942F00B1552D /* Supporting Files */,
			);
			path = SampleViewer;
			sourceTree = "<group>";
		};
		4DF8367B1E27942F00B1552D /* Supporting Files */ = {
			isa = PBXGroup;
			children = (
				4DF8367C1E27942F00B1552D /* main.m */,
			);
			name = "Supporting Files";
			sourceTree = "<group>";
		};
		4DF836911E27942F00B1552D /* SampleViewerTests */ = {
			isa = PBXGroup;
			children = (
				4DF836921E27942F00B1552D /* SampleViewerTests.m */,
				4DF836941E27942F00B1552D /* Info.plist */,
			);
			path = SampleViewerTests;
			sourceTree = "<group>";
		};
/* End PBXGroup section */

/* Begin PBXNativeTarget section */
		4DF836741E27942E00B1552D /* SampleViewer */ = {
			isa = PBXNativeTarget;
			buildConfigurationList = 4DF836971E27942F00B1552D /* Build configuration list for PBXNativeTarget "SampleViewer" */;
			buildPhases = (
				4DF836711E27942E00B1552D /* Sources */,
				4DF836721E27942E00B1552D /* Frameworks */,
				4DF836731E27942E00B1552D /* Resources */,
			);
			buildRules = (
			);
			dependencies = (
			);
			name = SampleViewer;
			productName = SampleViewer;
			productReference = 4DF836751E27942E00B1552D /* SampleViewer.app */;
			productType = "com.apple.product-type.application";
		};
		4DF8368D1E27942F00B1552D /* SampleViewerTests */ = {
			isa = PBXNativeTarget;
			buildConfigurationList = 4DF8369A1E27942F00B1552D /* Build configuration list for PBXNativeTarget "SampleViewerTests" */;
			buildPhases = (
				4DF8368A1E27942F00B1552D /* Sources */,
				4DF8368B1E27942F00B1552D /* Frameworks */,
				4DF8368C1E27942F00B1552D /* Resources */,
			);
			buildRules = (
			);
			dependencies = (
				4DF836901E27942F00B1552D /* PBXTargetDependency */,
			);
			name = SampleViewerTests;
			productName = SampleViewerTests;
			productReference = 4DF8368E1E27942F00B1552D /* SampleViewerTests.xctest */;
			productType = "com.apple.product-type.bundle.unit-test";
		};
/* End PBXNativeTarget section */

/* Begin PBXProject section */
		4DF8366D1E27942E00B1552D /* Project object */ = {
			isa = PBXProject;
			attributes = {
				LastUpgradeCheck = 0730;
				ORGANIZATIONNAME = "iwascoding GmbH";
				TargetAttributes = {
					4DF836741E27942E00B1552D = {
						CreatedOnToolsVersion = 7.3.1;
					};
					4DF8368D1E27942F00B1552D = {
						CreatedOnToolsVersion = 7.3.1;
						TestTargetID = 4DF836741E27942E00B1552D;
					};
				};
			};
			buildConfigurationList = 4DF836701E27942E00B1552D /* Build configuration list for PBXProject "SampleViewer" */;
			compatibilityVersion = "Xcode 3.2";
			developmentRegion = English;
			hasScannedForEncodings = 0;
			knownRegions = (
				en,
				Base,
			);
			mainGroup = 4DF8366C1E27942E00B1552D;
			productRefGroup = 4DF836761E27942E00B1552D /* Products */;
			projectDirPath = "";
			projectRoot = "";
			targets = (
				4DF836741E27942E00B1552D /* SampleViewer */,
				4DF8368D1E27942F00B1552D /* SampleViewerTests */,
			);
		};
/* End PBXProject section */

/* Begin PBXResourcesBuildPhase section */
		4DF836731E27942E00B1552D /* Resources */ = {
			isa = PBXResourcesBuildPhase;
			buildActionMask = 2147483647;
			files = (
				4DF836851E27942F00B1552D /* Assets.xcassets in Resources */,
				4DF836831E27942F00B1552D /* Document.xib in Resources */,
				4DF836881E27942F00B1552D /* MainMenu.xib in Resources */,
			);
			runOnlyForDeploymentPostprocessing = 0;
		};
		4DF8368C1E27942F00B1552D /* Resources */ = {
			isa = PBXResourcesBuildPhase;
			buildActionMask = 2147483647;
			files = (
			);
			runOnlyForDeploymentPostprocessing = 0;
		};
/* End PBXResourcesBuildPhase section */

/* Begin PBXSourcesBuildPhase section */
		4DF836711E27942E00B1552D /* Sources */ = {
			isa = PBXSourcesBuildPhase;
			buildActionMask = 2147483647;
			files = (
				4DF836801E27942F00B1552D /* Document.m in Sources */,
				4DF8367D1E27942F00B1552D /* main.m in Sources */,
				4DF8367A1E27942E00B1552D /* AppDelegate.m in Sources */,
			);
			runOnlyForDeploymentPostprocessing = 0;
		};
		4DF8368A1E27942F00B1552D /* Sources */ = {
			isa = PBXSourcesBuildPhase;
			buildActionMask = 2147483647;
			files = (
				4DF836931E27942F00B1552D /* SampleViewerTests.m in Sources */,
			);
			runOnlyForDeploymentPostprocessing = 0;
		};
/* End PBXSourcesBuildPhase section */

/* Begin PBXTargetDependency section */
		4DF836901E27942F00B1552D /* PBXTargetDependency */ = {
			isa = PBXTargetDependency;
			target = 4DF836741E27942E00B1552D /* SampleViewer */;
			targetProxy = 4DF8368F1E27942F00B1552D /* PBXContainerItemProxy */;
		};
/* End PBXTargetDependency section */

/* Begin PBXVariantGroup section */
		4DF836811E27942F00B1552D /* Document.xib */ = {
			isa = PBXVariantGroup;
			children = (
				4DF836821E27942F00B1552D /* Base */,
			);
			name = Document.xib;
			sourceTree = "<group>";
		};
		4DF836861E27942F00B1552D /* MainMenu.xib */ = {
			isa = PBXVariantGroup;
			children = (
				4DF836871E27942F00B1552D /* Base */,
			);
			name = MainMenu.xib;
			sourceTree = "<group>";
		};
/* End PBXVariantGroup section */

/* Begin XCBuildConfiguration section */
		4DF836951E27942F00B1552D /* Debug */ = {
			isa = XCBuildConfiguration;
			buildSettings = {
				ALWAYS_SEARCH_USER_PATHS = NO;
				CLANG_ANALYZER_NONNULL = YES;
				CLANG_CXX_LANGUAGE_STANDARD = "gnu++0x";
				CLANG_CXX_LIBRARY = "libc++";
				CLANG_ENABLE_MODULES = YES;
				CLANG_ENABLE_OBJC_ARC = YES;
				CLANG_WARN_BOOL_CONVERSION = YES;
				CLANG_WARN_CONSTANT_CONVERSION = YES;
				CLANG_WARN_DIRECT_OBJC_ISA_USAGE = YES_ERROR;
				CLANG_WARN_EMPTY_BODY = YES;
				CLANG_WARN_ENUM_CONVERSION = YES;
				CLANG_WARN_INT_CONVERSION = YES;
				CLANG_WARN_OBJC_ROOT_CLASS = YES_ERROR;
				CLANG_WARN_UNREACHABLE_CODE = YES;
				CLANG_WARN__DUPLICATE_METHOD_MATCH = YES;
				CODE_SIGN_IDENTITY = "-";
				COPY_PHASE_STRIP = NO;
				DEBUG_INFORMATION_FORMAT = dwarf;
				ENABLE_STRICT_OBJC_MSGSEND = YES;
				ENABLE_TESTABILITY = YES;
				GCC_C_LANGUAGE_STANDARD = gnu99;
				GCC_DYNAMIC_NO_PIC = NO;
				GCC_NO_COMMON_BLOCKS = YES;
				GCC_OPTIMIZATION_LEVEL = 0;
				GCC_PREPROCESSOR_DEFINITIONS = (
					"DEBUG=1",
					"$(inherited)",
				);
				GCC_WARN_64_TO_32_BIT_CONVERSION = YES;
				GCC_WARN_ABOUT_RETURN_TYPE = YES_ERROR;
				GCC_WARN_UNDECLARED_SELECTOR = YES;
				GCC_WARN_UNINITIALIZED_AUTOS = YES_AGGRESSIVE;
				GCC_WARN_UNUSED_FUNCTION = YES;
				GCC_WARN_UNUSED_VARIABLE = YES;
				MACOSX_DEPLOYMENT_TARGET = 10.11;
				MTL_ENABLE_DEBUG_INFO = YES;
				ONLY_ACTIVE_ARCH = YES;
				SDKROOT = macosx;
			};
			name = Debug;
		};
		4DF836961E27942F00B1552D /* Release */ = {
			isa = XCBuildConfiguration;
			buildSettings = {
				ALWAYS_SEARCH_USER_PATHS = NO;
				CLANG_ANALYZER_NONNULL = YES;
				CLANG_CXX_LANGUAGE_STANDARD = "gnu++0x";
				CLANG_CXX_LIBRARY = "libc++";
				CLANG_ENABLE_MODULES = YES;
				CLANG_ENABLE_OBJC_ARC = YES;
				CLANG_WARN_BOOL_CONVERSION = YES;
				CLANG_WARN_CONSTANT_CONVERSION = YES;
				CLANG_WARN_DIRECT_OBJC_ISA_USAGE = YES_ERROR;
				CLANG_WARN_EMPTY_BODY = YES;
				CLANG_WARN_ENUM_CONVERSION = YES;
				CLANG_WARN_INT_CONVERSION = YES;
				CLANG_WARN_OBJC_ROOT_CLASS = YES_ERROR;
				CLANG_WARN_UNREACHABLE_CODE = YES;
				CLANG_WARN__DUPLICATE_METHOD_MATCH = YES;
				CODE_SIGN_IDENTITY = "-";
				COPY_PHASE_STRIP = NO;
				DEBUG_INFORMATION_FORMAT = "dwarf-with-dsym";
				ENABLE_NS_ASSERTIONS = NO;
				ENABLE_STRICT_OBJC_MSGSEND = YES;
				GCC_C_LANGUAGE_STANDARD = gnu99;
				GCC_NO_COMMON_BLOCKS = YES;
				GCC_WARN_64_TO_32_BIT_CONVERSION = YES;
				GCC_WARN_ABOUT_RETURN_TYPE = YES_ERROR;
				GCC_WARN_UNDECLARED_SELECTOR = YES;
				GCC_WARN_UNINITIALIZED_AUTOS = YES_AGGRESSIVE;
				GCC_WARN_UNUSED_FUNCTION = YES;
				GCC_WARN_UNUSED_VARIABLE = YES;
				MACOSX_DEPLOYMENT_TARGET = 10.11;
				MTL_ENABLE_DEBUG_INFO = NO;
				SDKROOT = macosx;
			};
			name = Release;
		};
		4DF836981E27942F00B1552D /* Debug */ = {
			isa = XCBuildConfiguration;
			buildSettings = {
				ASSETCATALOG_COMPILER_APPICON_NAME = AppIcon;
				COMBINE_HIDPI_IMAGES = YES;
				INFOPLIST_FILE = SampleViewer/Info.plist;
				LD_RUNPATH_SEARCH_PATHS = "$(inherited) @executable_path/../Frameworks";
				PRODUCT_BUNDLE_IDENTIFIER = com.iwascoding.SampleViewer;
				PRODUCT_NAME = "$(TARGET_NAME)";
			};
			name = Debug;
		};
		4DF836991E27942F00B1552D /* Release */ = {
			isa = XCBuildConfiguration;
			buildSettings = {
				ASSETCATALOG_COMPILER_APPICON_NAME = AppIcon;
				COMBINE_HIDPI_IMAGES = YES;
				INFOPLIST_FILE = SampleViewer/Info.plist;
				LD_RUNPATH_SEARCH_PATHS = "$(inherited) @executable_path/../Frameworks";
				PRODUCT_BUNDLE_IDENTIFIER = com.iwascoding.SampleViewer;
				PRODUCT_NAME = "$(TARGET_NAME)";
			};
			name = Release;
		};
		4DF8369B1E27942F00B1552D /* Debug */ = {
			isa = XCBuildConfiguration;
			buildSettings = {
				BUNDLE_LOADER = "$(TEST_HOST)";
				COMBINE_HIDPI_IMAGES = YES;
				INFOPLIST_FILE = SampleViewerTests/Info.plist;
				LD_RUNPATH_SEARCH_PATHS = "$(inherited) @executable_path/../Frameworks @loader_path/../Frameworks";
				PRODUCT_BUNDLE_IDENTIFIER = com.iwascoding.SampleViewerTests;
				PRODUCT_NAME = "$(TARGET_NAME)";
				TEST_HOST = "$(BUILT_PRODUCTS_DIR)/SampleViewer.app/Contents/MacOS/SampleViewer";
			};
			name = Debug;
		};
		4DF8369C1E27942F00B1552D /* Release */ = {
			isa = XCBuildConfiguration;
			buildSettings = {
				BUNDLE_LOADER = "$(TEST_HOST)";
				COMBINE_HIDPI_IMAGES = YES;
				INFOPLIST_FILE = SampleViewerTests/Info.plist;
				LD_RUNPATH_SEARCH_PATHS = "$(inherited) @executable_path/../Frameworks @loader_path/../Frameworks";
				PRODUCT_BUNDLE_IDENTIFIER = com.iwascoding.SampleViewerTests;
				PRODUCT_NAME = "$(TARGET_NAME)";
				TEST_HOST = "$(BUILT_PRODUCTS_DIR)/SampleViewer.app/Contents/MacOS/SampleViewer";
			};
			name = Release;
		};
/* End XCBuildConfiguration section */

/* Begin XCConfigurationList section */
		4DF836701E27942E00B1552D /* Build configuration list for PBXProject "SampleViewer" */ = {
			isa = XCConfigurationList;
			buildConfigurations = (
				4DF836951E27942F00B1552D /* Debug */,
				4DF836961E27942F00B1552D /* Release */,
			);
			defaultConfigurationIsVisible = 0;
			defaultConfigurationName = Release;
		};
		4DF836971E27942F00B1552D /* Build configuration list for PBXNativeTarget "SampleViewer" */ = {
			isa = XCConfigurationList;
			buildConfigurations = (
				4DF836981E27942F00B1552D /* Debug */,
				4DF836991E27942F00B1552D /* Release */,
			);
			defaultConfigurationIsVisible = 0;
		};
		4DF8369A1E27942F00B1552D /* Build configuration list for PBXNativeTarget "SampleViewerTests" */ = {
			isa = XCConfigurationList;
			buildConfigurations = (
				4DF8369B1E27942F00B1552D /* Debug */,
				4DF8369C1E27942F00B1552D /* Release */,
			);
			defaultConfigurationIsVisible = 0;
		};
/* End XCConfigurationList section */
	};
	rootObject = 4DF8366D1E27942E00B1552D /* Project object */;
}
